
Microsoft Visual Studio Solution File, Format Version 12.00
# Visual Studio Version 17
VisualStudioVersion = 17.2.32630.192
MinimumVisualStudioVersion = 10.0.40219.1
Project("{FAE04EC0-301F-11D3-BF4B-00C04F79EFBC}") = "ClassesExercise", "ClassesExercise\ClassesExercise.csproj", "{C2751D68-E34A-4A4F-8CA7-F25FE56D498B}"
EndProject
Global
	GlobalSection(SolutionConfigurationPlatforms) = preSolution
		Debug|Any CPU = Debug|Any CPU
		Release|Any CPU = Release|Any CPU
	EndGlobalSection
	GlobalSection(ProjectConfigurationPlatforms) = postSolution
		{C2751D68-E34A-4A4F-8CA7-F25FE56D498B}.Debug|Any CPU.ActiveCfg = Debug|Any CPU
		{C2751D68-E34A-4A4F-8CA7-F25FE56D498B}.Debug|Any CPU.Build.0 = Debug|Any CPU
		{C2751D68-E34A-4A4F-8CA7-F25FE56D498B}.Release|Any CPU.ActiveCfg = Release|Any CPU
		{C2751D68-E34A-4A4F-8CA7-F25FE56D498B}.Release|Any CPU.Build.0 = Release|Any CPU
	EndGlobalSection
	GlobalSection(SolutionProperties) = preSolution
		HideSolutionNode = FALSE
	EndGlobalSection
	GlobalSection(ExtensibilityGlobals) = postSolution
		SolutionGuid = {A78DD2F0-24CF-48D5-B525-5C0A0DCAA53E}
	EndGlobalSection
EndGlobal
